
Microsoft Visual Studio Solution File, Format Version 12.00
# Visual Studio Version 17
VisualStudioVersion = 17.8.34330.188
MinimumVisualStudioVersion = 10.0.40219.1
Project("{FAE04EC0-301F-11D3-BF4B-00C04F79EFBC}") = "Lab4", "Lab4\Lab4.csproj", "{27820572-75FA-4EFA-A94B-936541F6C4EF}"
EndProject
Global
	GlobalSection(SolutionConfigurationPlatforms) = preSolution
		Debug|Any CPU = Debug|Any CPU
		Release|Any CPU = Release|Any CPU
	EndGlobalSection
	GlobalSection(ProjectConfigurationPlatforms) = postSolution
		{27820572-75FA-4EFA-A94B-936541F6C4EF}.Debug|Any CPU.ActiveCfg = Debug|Any CPU
		{27820572-75FA-4EFA-A94B-936541F6C4EF}.Debug|Any CPU.Build.0 = Debug|Any CPU
		{27820572-75FA-4EFA-A94B-936541F6C4EF}.Release|Any CPU.ActiveCfg = Release|Any CPU
		{27820572-75FA-4EFA-A94B-936541F6C4EF}.Release|Any CPU.Build.0 = Release|Any CPU
	EndGlobalSection
	GlobalSection(SolutionProperties) = preSolution
		HideSolutionNode = FALSE
	EndGlobalSection
	GlobalSection(ExtensibilityGlobals) = postSolution
		SolutionGuid = {C7954B9B-3FA7-4088-B0D9-FA871EE5905E}
	EndGlobalSection
EndGlobal
